
Microsoft Visual Studio Solution File, Format Version 12.00
# Visual Studio Version 17
VisualStudioVersion = 17.6.33723.286
MinimumVisualStudioVersion = 10.0.40219.1
Project("{FAE04EC0-301F-11D3-BF4B-00C04F79EFBC}") = "PeliculasApi", "PeliculasApi\PeliculasApi.csproj", "{F877264B-2E17-4942-84AE-8776E982F2BA}"
EndProject
Global
	GlobalSection(SolutionConfigurationPlatforms) = preSolution
		Debug|Any CPU = Debug|Any CPU
		Release|Any CPU = Release|Any CPU
	EndGlobalSection
	GlobalSection(ProjectConfigurationPlatforms) = postSolution
		{F877264B-2E17-4942-84AE-8776E982F2BA}.Debug|Any CPU.ActiveCfg = Debug|Any CPU
		{F877264B-2E17-4942-84AE-8776E982F2BA}.Debug|Any CPU.Build.0 = Debug|Any CPU
		{F877264B-2E17-4942-84AE-8776E982F2BA}.Release|Any CPU.ActiveCfg = Release|Any CPU
		{F877264B-2E17-4942-84AE-8776E982F2BA}.Release|Any CPU.Build.0 = Release|Any CPU
	EndGlobalSection
	GlobalSection(SolutionProperties) = preSolution
		HideSolutionNode = FALSE
	EndGlobalSection
	GlobalSection(ExtensibilityGlobals) = postSolution
		SolutionGuid = {C5482244-AF91-4AC2-A76E-D8356F82ABD1}
	EndGlobalSection
EndGlobal
